
Microsoft Visual Studio Solution File, Format Version 12.00
# Visual Studio 2012
Project("{2150E333-8FDC-42A3-9474-1A3956D46DE8}") = "src", "src", "{A589536E-1C85-4209-86A2-8A315D4683E2}"
EndProject
Project("{F2A71F9B-5D33-465A-A702-920D77279786}") = "CloudLinq.Core", "src\CloudLinq.Core\CloudLinq.Core.fsproj", "{EEF5E23C-3977-458B-B8C1-3A8E79EDD526}"
EndProject
Project("{2150E333-8FDC-42A3-9474-1A3956D46DE8}") = "bin", "bin", "{6B4BBCD9-CECE-4C54-9E32-9D74E484A08E}"
	ProjectSection(SolutionItems) = preProject
		lib\FSharp.Compiler.CodeDom.dll = lib\FSharp.Compiler.CodeDom.dll
		lib\FSharp.Compiler.dll = lib\FSharp.Compiler.dll
		lib\FSharp.Compiler.Interactive.Settings.dll = lib\FSharp.Compiler.Interactive.Settings.dll
		lib\FSharp.Compiler.Interactive.Settings.pdb = lib\FSharp.Compiler.Interactive.Settings.pdb
		lib\FSharp.Compiler.pdb = lib\FSharp.Compiler.pdb
		lib\FSharp.Core.dll = lib\FSharp.Core.dll
		lib\FSharp.Core.optdata = lib\FSharp.Core.optdata
		lib\FSharp.Core.sigdata = lib\FSharp.Core.sigdata
		lib\FSharp.Core.xml = lib\FSharp.Core.xml
		lib\FsPickler.dll = lib\FsPickler.dll
		lib\FsPickler.xml = lib\FsPickler.xml
		lib\InstallUtils.dll = lib\InstallUtils.dll
		lib\InstallUtils.pdb = lib\InstallUtils.pdb
		lib\InstallUtils.xml = lib\InstallUtils.xml
		lib\Interop.NetFwTypeLib.dll = lib\Interop.NetFwTypeLib.dll
		lib\mbi.exe = lib\mbi.exe
		lib\mbi.exe.config = lib\mbi.exe.config
		lib\mbi.pdb = lib\mbi.pdb
		lib\mbrace.worker.exe = lib\mbrace.worker.exe
		lib\mbrace.worker.exe.config = lib\mbrace.worker.exe.config
		lib\mbrace.worker.pdb = lib\mbrace.worker.pdb
		lib\mbracectl.exe = lib\mbracectl.exe
		lib\mbracectl.exe.config = lib\mbracectl.exe.config
		lib\mbracectl.pdb = lib\mbracectl.pdb
		lib\mbraced.exe = lib\mbraced.exe
		lib\mbraced.exe.config = lib\mbraced.exe.config
		lib\mbraced.pdb = lib\mbraced.pdb
		lib\mbracesvc.exe = lib\mbracesvc.exe
		lib\mbracesvc.exe.config = lib\mbracesvc.exe.config
		lib\mbracesvc.pdb = lib\mbracesvc.pdb
		lib\Microsoft.Data.Edm.dll = lib\Microsoft.Data.Edm.dll
		lib\Microsoft.Data.OData.dll = lib\Microsoft.Data.OData.dll
		lib\Microsoft.WindowsAzure.Configuration.dll = lib\Microsoft.WindowsAzure.Configuration.dll
		lib\Microsoft.WindowsAzure.Storage.dll = lib\Microsoft.WindowsAzure.Storage.dll
		lib\Nessos.MBrace.Actors.Cluster.dll = lib\Nessos.MBrace.Actors.Cluster.dll
		lib\Nessos.MBrace.Actors.Cluster.pdb = lib\Nessos.MBrace.Actors.Cluster.pdb
		lib\Nessos.MBrace.Actors.Cluster.xml = lib\Nessos.MBrace.Actors.Cluster.xml
		lib\Nessos.MBrace.Actors.dll = lib\Nessos.MBrace.Actors.dll
		lib\Nessos.MBrace.Actors.pdb = lib\Nessos.MBrace.Actors.pdb
		lib\Nessos.MBrace.Actors.Remote.dll = lib\Nessos.MBrace.Actors.Remote.dll
		lib\Nessos.MBrace.Actors.Remote.pdb = lib\Nessos.MBrace.Actors.Remote.pdb
		lib\Nessos.MBrace.Actors.Remote.xml = lib\Nessos.MBrace.Actors.Remote.xml
		lib\Nessos.MBrace.Actors.xml = lib\Nessos.MBrace.Actors.xml
		lib\Nessos.MBrace.Client.dll = lib\Nessos.MBrace.Client.dll
		lib\Nessos.MBrace.Client.pdb = lib\Nessos.MBrace.Client.pdb
		lib\Nessos.MBrace.Client.xml = lib\Nessos.MBrace.Client.xml
		lib\Nessos.MBrace.Common.dll = lib\Nessos.MBrace.Common.dll
		lib\Nessos.MBrace.Common.pdb = lib\Nessos.MBrace.Common.pdb
		lib\Nessos.MBrace.Common.xml = lib\Nessos.MBrace.Common.xml
		lib\Nessos.MBrace.Core.dll = lib\Nessos.MBrace.Core.dll
		lib\Nessos.MBrace.Core.pdb = lib\Nessos.MBrace.Core.pdb
		lib\Nessos.MBrace.Core.xml = lib\Nessos.MBrace.Core.xml
		lib\Nessos.MBrace.dll = lib\Nessos.MBrace.dll
		lib\Nessos.MBrace.ImemDb.dll = lib\Nessos.MBrace.ImemDb.dll
		lib\Nessos.MBrace.ImemDb.pdb = lib\Nessos.MBrace.ImemDb.pdb
		lib\Nessos.MBrace.ImemDb.xml = lib\Nessos.MBrace.ImemDb.xml
		lib\Nessos.MBrace.pdb = lib\Nessos.MBrace.pdb
		lib\Nessos.MBrace.Runtime.dll = lib\Nessos.MBrace.Runtime.dll
		lib\Nessos.MBrace.Runtime.pdb = lib\Nessos.MBrace.Runtime.pdb
		lib\Nessos.MBrace.Runtime.xml = lib\Nessos.MBrace.Runtime.xml
		lib\Nessos.MBrace.Shell.Shared.dll = lib\Nessos.MBrace.Shell.Shared.dll
		lib\Nessos.MBrace.Shell.Shared.pdb = lib\Nessos.MBrace.Shell.Shared.pdb
		lib\Nessos.MBrace.Shell.Shared.xml = lib\Nessos.MBrace.Shell.Shared.xml
		lib\Nessos.MBrace.Store.Azure.dll = lib\Nessos.MBrace.Store.Azure.dll
		lib\Nessos.MBrace.Store.Azure.pdb = lib\Nessos.MBrace.Store.Azure.pdb
		lib\Nessos.MBrace.Store.Azure.xml = lib\Nessos.MBrace.Store.Azure.xml
		lib\Nessos.MBrace.Store.dll = lib\Nessos.MBrace.Store.dll
		lib\Nessos.MBrace.Store.pdb = lib\Nessos.MBrace.Store.pdb
		lib\Nessos.MBrace.Store.Pithos.dll = lib\Nessos.MBrace.Store.Pithos.dll
		lib\Nessos.MBrace.Store.Pithos.pdb = lib\Nessos.MBrace.Store.Pithos.pdb
		lib\Nessos.MBrace.Store.Pithos.xml = lib\Nessos.MBrace.Store.Pithos.xml
		lib\Nessos.MBrace.Store.SqlServer.dll = lib\Nessos.MBrace.Store.SqlServer.dll
		lib\Nessos.MBrace.Store.SqlServer.pdb = lib\Nessos.MBrace.Store.SqlServer.pdb
		lib\Nessos.MBrace.Store.SqlServer.xml = lib\Nessos.MBrace.Store.SqlServer.xml
		lib\Nessos.MBrace.Store.xml = lib\Nessos.MBrace.Store.xml
		lib\Nessos.MBrace.Utils.dll = lib\Nessos.MBrace.Utils.dll
		lib\Nessos.MBrace.Utils.pdb = lib\Nessos.MBrace.Utils.pdb
		lib\Nessos.MBrace.Utils.xml = lib\Nessos.MBrace.Utils.xml
		lib\System.Spatial.dll = lib\System.Spatial.dll
		lib\UnionArgParser.dll = lib\UnionArgParser.dll
		lib\UnionArgParser.xml = lib\UnionArgParser.xml
		lib\Unquote.dll = lib\Unquote.dll
		lib\Unquote.pdb = lib\Unquote.pdb
		lib\Unquote.xml = lib\Unquote.xml
	EndProjectSection
EndProject
Project("{F2A71F9B-5D33-465A-A702-920D77279786}") = "CloudLinq.MBrace", "src\CloudLinq.MBrace\CloudLinq.MBrace.fsproj", "{6A58351F-215A-4547-BA8E-8C0E617A4BCE}"
EndProject
Project("{2150E333-8FDC-42A3-9474-1A3956D46DE8}") = "tests", "tests", "{1EC29FD7-512D-40C5-92FE-CC5E9DE27C71}"
EndProject
Project("{FAE04EC0-301F-11D3-BF4B-00C04F79EFBC}") = "CloudLinq.MBrace.CSharp.Tests", "tests\CloudLinq.MBrace.CSharp.Tests\CloudLinq.MBrace.CSharp.Tests.csproj", "{FABCA260-9F96-4599-BED9-AC5AD9C84E8E}"
EndProject
Project("{FAE04EC0-301F-11D3-BF4B-00C04F79EFBC}") = "CloudLinq.MBrace.CSharp", "src\CloudLinq.MBrace.CSharp\CloudLinq.MBrace.CSharp.csproj", "{E932708C-D877-47EF-8DF4-9FDABA636EF8}"
EndProject
Project("{FAE04EC0-301F-11D3-BF4B-00C04F79EFBC}") = "CloudLinq.Base", "src\CloudLinq.Base\CloudLinq.Base.csproj", "{D03C4F5B-910D-400D-B9D7-F1D0F6EDD942}"
EndProject
Global
	GlobalSection(SolutionConfigurationPlatforms) = preSolution
		Debug|Any CPU = Debug|Any CPU
		Release|Any CPU = Release|Any CPU
	EndGlobalSection
	GlobalSection(ProjectConfigurationPlatforms) = postSolution
		{EEF5E23C-3977-458B-B8C1-3A8E79EDD526}.Debug|Any CPU.ActiveCfg = Debug|Any CPU
		{EEF5E23C-3977-458B-B8C1-3A8E79EDD526}.Debug|Any CPU.Build.0 = Debug|Any CPU
		{EEF5E23C-3977-458B-B8C1-3A8E79EDD526}.Release|Any CPU.ActiveCfg = Release|Any CPU
		{EEF5E23C-3977-458B-B8C1-3A8E79EDD526}.Release|Any CPU.Build.0 = Release|Any CPU
		{6A58351F-215A-4547-BA8E-8C0E617A4BCE}.Debug|Any CPU.ActiveCfg = Debug|Any CPU
		{6A58351F-215A-4547-BA8E-8C0E617A4BCE}.Debug|Any CPU.Build.0 = Debug|Any CPU
		{6A58351F-215A-4547-BA8E-8C0E617A4BCE}.Release|Any CPU.ActiveCfg = Release|Any CPU
		{6A58351F-215A-4547-BA8E-8C0E617A4BCE}.Release|Any CPU.Build.0 = Release|Any CPU
		{FABCA260-9F96-4599-BED9-AC5AD9C84E8E}.Debug|Any CPU.ActiveCfg = Debug|Any CPU
		{FABCA260-9F96-4599-BED9-AC5AD9C84E8E}.Debug|Any CPU.Build.0 = Debug|Any CPU
		{FABCA260-9F96-4599-BED9-AC5AD9C84E8E}.Release|Any CPU.ActiveCfg = Release|Any CPU
		{FABCA260-9F96-4599-BED9-AC5AD9C84E8E}.Release|Any CPU.Build.0 = Release|Any CPU
		{E932708C-D877-47EF-8DF4-9FDABA636EF8}.Debug|Any CPU.ActiveCfg = Debug|Any CPU
		{E932708C-D877-47EF-8DF4-9FDABA636EF8}.Debug|Any CPU.Build.0 = Debug|Any CPU
		{E932708C-D877-47EF-8DF4-9FDABA636EF8}.Release|Any CPU.ActiveCfg = Release|Any CPU
		{E932708C-D877-47EF-8DF4-9FDABA636EF8}.Release|Any CPU.Build.0 = Release|Any CPU
		{D03C4F5B-910D-400D-B9D7-F1D0F6EDD942}.Debug|Any CPU.ActiveCfg = Debug|Any CPU
		{D03C4F5B-910D-400D-B9D7-F1D0F6EDD942}.Debug|Any CPU.Build.0 = Debug|Any CPU
		{D03C4F5B-910D-400D-B9D7-F1D0F6EDD942}.Release|Any CPU.ActiveCfg = Release|Any CPU
		{D03C4F5B-910D-400D-B9D7-F1D0F6EDD942}.Release|Any CPU.Build.0 = Release|Any CPU
	EndGlobalSection
	GlobalSection(SolutionProperties) = preSolution
		HideSolutionNode = FALSE
	EndGlobalSection
	GlobalSection(NestedProjects) = preSolution
		{EEF5E23C-3977-458B-B8C1-3A8E79EDD526} = {A589536E-1C85-4209-86A2-8A315D4683E2}
		{6A58351F-215A-4547-BA8E-8C0E617A4BCE} = {A589536E-1C85-4209-86A2-8A315D4683E2}
		{E932708C-D877-47EF-8DF4-9FDABA636EF8} = {A589536E-1C85-4209-86A2-8A315D4683E2}
		{D03C4F5B-910D-400D-B9D7-F1D0F6EDD942} = {A589536E-1C85-4209-86A2-8A315D4683E2}
		{FABCA260-9F96-4599-BED9-AC5AD9C84E8E} = {1EC29FD7-512D-40C5-92FE-CC5E9DE27C71}
	EndGlobalSection
EndGlobal
